
Microsoft Visual Studio Solution File, Format Version 12.00
# Visual Studio Version 17
VisualStudioVersion = 17.7.34221.43
MinimumVisualStudioVersion = 10.0.40219.1
Project("{2150E333-8FDC-42A3-9474-1A3956D46DE8}") = "Services", "Services", "{E0A67AA9-3351-4BF0-9CFD-095E299C4BDA}"
EndProject
Project("{2150E333-8FDC-42A3-9474-1A3956D46DE8}") = "ApiGateways", "ApiGateways", "{87BC015B-3613-4E17-86FC-F1E432951616}"
EndProject
Project("{2150E333-8FDC-42A3-9474-1A3956D46DE8}") = "Web", "Web", "{A84FABD1-9C83-4BF7-AC6F-5302C60E0901}"
EndProject
Project("{2150E333-8FDC-42A3-9474-1A3956D46DE8}") = "Catalog", "Catalog", "{6E1250F0-9308-442A-AC18-B58A0A2B8320}"
EndProject
Project("{2150E333-8FDC-42A3-9474-1A3956D46DE8}") = "Common", "Common", "{9B2AD1A5-8FC8-4302-B719-C20F34232799}"
EndProject
Project("{9A19103F-16F7-4668-BE54-9A1E7A4F7556}") = "Catalog.API", "Services\Catalog\Catalog.API\Catalog.API.csproj", "{3291B25A-402C-4050-B21C-170BC8E2FE32}"
EndProject
Project("{9A19103F-16F7-4668-BE54-9A1E7A4F7556}") = "Catalog.Application", "Services\Catalog\Catalog.Application\Catalog.Application.csproj", "{1E11141D-A000-4E6E-9372-719A5CAD5E7D}"
EndProject
Project("{9A19103F-16F7-4668-BE54-9A1E7A4F7556}") = "Catalog.Domain", "Services\Catalog\Catalog.Domain\Catalog.Domain.csproj", "{C0103A1E-DA10-4A73-942E-4CDB3EB77C30}"
EndProject
Project("{9A19103F-16F7-4668-BE54-9A1E7A4F7556}") = "Catalog.Infrastructure", "Services\Catalog\Catalog.Infrastructure\Catalog.Infrastructure.csproj", "{9EB8ED6A-0895-43AF-BC0B-88B105E36EAA}"
EndProject
Project("{9A19103F-16F7-4668-BE54-9A1E7A4F7556}") = "Services.Common", "Services\Services.Common\Services.Common\Services.Common.csproj", "{9399CE49-EF0B-4A31-93B5-7A1E0FFEBFB0}"
EndProject
Project("{2150E333-8FDC-42A3-9474-1A3956D46DE8}") = "Order", "Order", "{D9EB33BC-30D8-4DF9-8FB5-D7A20B5DABAB}"
EndProject
Project("{9A19103F-16F7-4668-BE54-9A1E7A4F7556}") = "Order.API", "Services\Order\Order.API\Order.API.csproj", "{9215357A-641E-4BA3-9C82-8C909569AA44}"
EndProject
Project("{9A19103F-16F7-4668-BE54-9A1E7A4F7556}") = "Order.Application", "Services\Order\Order.Application\Order.Application.csproj", "{FD3D5A8B-5F74-4A02-993A-7FF16AB91518}"
EndProject
Project("{9A19103F-16F7-4668-BE54-9A1E7A4F7556}") = "Order.Domain", "Services\Order\Order.Domain\Order.Domain.csproj", "{3299546C-A4F3-44E9-A49C-9923B864671F}"
EndProject
Project("{9A19103F-16F7-4668-BE54-9A1E7A4F7556}") = "Order.Infrastructure", "Services\Order\Order.Infrastructure\Order.Infrastructure.csproj", "{DD8AB484-45FB-4750-B9FD-661B8E48FA12}"
EndProject
Project("{2150E333-8FDC-42A3-9474-1A3956D46DE8}") = "ShoppingCart", "ShoppingCart", "{55741511-BC5F-486B-8B3B-07E6001FA789}"
EndProject
Project("{9A19103F-16F7-4668-BE54-9A1E7A4F7556}") = "ShoppingCart.Infrastructure", "Services\ShoppingCart\ShoppinCart.Infrastructure\ShoppingCart.Infrastructure.csproj", "{77FAC317-91ED-47E9-B08E-E9168075499D}"
EndProject
Project("{9A19103F-16F7-4668-BE54-9A1E7A4F7556}") = "ShoppingCart.API", "Services\ShoppingCart\ShoppingCart.API\ShoppingCart.API.csproj", "{6D74B5D2-8DFE-436A-87E4-A1E5F5962081}"
EndProject
Project("{9A19103F-16F7-4668-BE54-9A1E7A4F7556}") = "ShoppingCart.Application", "Services\ShoppingCart\ShoppingCart.Application\ShoppingCart.Application.csproj", "{381E4E1E-45E1-494E-8C2A-EBD398DC584F}"
EndProject
Project("{9A19103F-16F7-4668-BE54-9A1E7A4F7556}") = "ShoppingCart.Domain", "Services\ShoppingCart\ShoppingCart.Domain\ShoppingCart.Domain.csproj", "{31E466F1-5AA2-40C4-A590-B75422144C97}"
EndProject
Project("{2150E333-8FDC-42A3-9474-1A3956D46DE8}") = "Notification", "Notification", "{3816F396-287E-400E-98F5-9879ABB46512}"
EndProject
Project("{9A19103F-16F7-4668-BE54-9A1E7A4F7556}") = "Notification.SignalR", "Services\Notification\Notification.SignalR\Notification.SignalR.csproj", "{7D04346E-6E02-4646-B544-1EFA9D6763BA}"
EndProject
Project("{9A19103F-16F7-4668-BE54-9A1E7A4F7556}") = "WebMVC", "Web\WebMVC\WebMVC.csproj", "{0429B895-57F9-4931-9745-D65444DF59E5}"
EndProject
Project("{2150E333-8FDC-42A3-9474-1A3956D46DE8}") = "WebAppGateway", "WebAppGateway", "{906BD184-E859-4AF6-9B21-28C78B029CF1}"
EndProject
Project("{9A19103F-16F7-4668-BE54-9A1E7A4F7556}") = "WebAppGateway", "ApiGateways\WebAppGateway\WebAppGateway.csproj", "{4ABF22CD-EB3B-4437-9A3C-608B7AB5B08A}"
EndProject
Project("{E53339B2-1760-4266-BCC7-CA923CBCF16C}") = "docker-compose", "docker-compose.dcproj", "{A91FBDDB-0F38-41A6-AB46-8F377CE0C5B1}"
EndProject
Project("{9A19103F-16F7-4668-BE54-9A1E7A4F7556}") = "Notification.Email", "Services\Notification\Notification.Email\Notification.Email.csproj", "{A64B6FB3-853A-4F6D-BCC3-99AD84A6EED8}"
EndProject
Project("{2150E333-8FDC-42A3-9474-1A3956D46DE8}") = "Identity", "Identity", "{A4673186-1569-4E78-BE73-DBDC06A6E13B}"
EndProject
Project("{9A19103F-16F7-4668-BE54-9A1E7A4F7556}") = "Identity.API", "Services\Identity\Identity.API\Identity.API.csproj", "{9DB12293-738C-4824-A4FE-78D247A70A61}"
EndProject
Project("{2150E333-8FDC-42A3-9474-1A3956D46DE8}") = "Solution Items", "Solution Items", "{671BADB7-2259-4B40-9F84-454760899222}"
	ProjectSection(SolutionItems) = preProject
		.env = .env
	EndProjectSection
EndProject
Global
	GlobalSection(SolutionConfigurationPlatforms) = preSolution
		Debug|Any CPU = Debug|Any CPU
		Release|Any CPU = Release|Any CPU
	EndGlobalSection
	GlobalSection(ProjectConfigurationPlatforms) = postSolution
		{3291B25A-402C-4050-B21C-170BC8E2FE32}.Debug|Any CPU.ActiveCfg = Debug|Any CPU
		{3291B25A-402C-4050-B21C-170BC8E2FE32}.Debug|Any CPU.Build.0 = Debug|Any CPU
		{3291B25A-402C-4050-B21C-170BC8E2FE32}.Release|Any CPU.ActiveCfg = Release|Any CPU
		{3291B25A-402C-4050-B21C-170BC8E2FE32}.Release|Any CPU.Build.0 = Release|Any CPU
		{1E11141D-A000-4E6E-9372-719A5CAD5E7D}.Debug|Any CPU.ActiveCfg = Debug|Any CPU
		{1E11141D-A000-4E6E-9372-719A5CAD5E7D}.Debug|Any CPU.Build.0 = Debug|Any CPU
		{1E11141D-A000-4E6E-9372-719A5CAD5E7D}.Release|Any CPU.ActiveCfg = Release|Any CPU
		{1E11141D-A000-4E6E-9372-719A5CAD5E7D}.Release|Any CPU.Build.0 = Release|Any CPU
		{C0103A1E-DA10-4A73-942E-4CDB3EB77C30}.Debug|Any CPU.ActiveCfg = Debug|Any CPU
		{C0103A1E-DA10-4A73-942E-4CDB3EB77C30}.Debug|Any CPU.Build.0 = Debug|Any CPU
		{C0103A1E-DA10-4A73-942E-4CDB3EB77C30}.Release|Any CPU.ActiveCfg = Release|Any CPU
		{C0103A1E-DA10-4A73-942E-4CDB3EB77C30}.Release|Any CPU.Build.0 = Release|Any CPU
		{9EB8ED6A-0895-43AF-BC0B-88B105E36EAA}.Debug|Any CPU.ActiveCfg = Debug|Any CPU
		{9EB8ED6A-0895-43AF-BC0B-88B105E36EAA}.Debug|Any CPU.Build.0 = Debug|Any CPU
		{9EB8ED6A-0895-43AF-BC0B-88B105E36EAA}.Release|Any CPU.ActiveCfg = Release|Any CPU
		{9EB8ED6A-0895-43AF-BC0B-88B105E36EAA}.Release|Any CPU.Build.0 = Release|Any CPU
		{9399CE49-EF0B-4A31-93B5-7A1E0FFEBFB0}.Debug|Any CPU.ActiveCfg = Debug|Any CPU
		{9399CE49-EF0B-4A31-93B5-7A1E0FFEBFB0}.Debug|Any CPU.Build.0 = Debug|Any CPU
		{9399CE49-EF0B-4A31-93B5-7A1E0FFEBFB0}.Release|Any CPU.ActiveCfg = Release|Any CPU
		{9399CE49-EF0B-4A31-93B5-7A1E0FFEBFB0}.Release|Any CPU.Build.0 = Release|Any CPU
		{9215357A-641E-4BA3-9C82-8C909569AA44}.Debug|Any CPU.ActiveCfg = Debug|Any CPU
		{9215357A-641E-4BA3-9C82-8C909569AA44}.Debug|Any CPU.Build.0 = Debug|Any CPU
		{9215357A-641E-4BA3-9C82-8C909569AA44}.Release|Any CPU.ActiveCfg = Release|Any CPU
		{9215357A-641E-4BA3-9C82-8C909569AA44}.Release|Any CPU.Build.0 = Release|Any CPU
		{FD3D5A8B-5F74-4A02-993A-7FF16AB91518}.Debug|Any CPU.ActiveCfg = Debug|Any CPU
		{FD3D5A8B-5F74-4A02-993A-7FF16AB91518}.Debug|Any CPU.Build.0 = Debug|Any CPU
		{FD3D5A8B-5F74-4A02-993A-7FF16AB91518}.Release|Any CPU.ActiveCfg = Release|Any CPU
		{FD3D5A8B-5F74-4A02-993A-7FF16AB91518}.Release|Any CPU.Build.0 = Release|Any CPU
		{3299546C-A4F3-44E9-A49C-9923B864671F}.Debug|Any CPU.ActiveCfg = Debug|Any CPU
		{3299546C-A4F3-44E9-A49C-9923B864671F}.Debug|Any CPU.Build.0 = Debug|Any CPU
		{3299546C-A4F3-44E9-A49C-9923B864671F}.Release|Any CPU.ActiveCfg = Release|Any CPU
		{3299546C-A4F3-44E9-A49C-9923B864671F}.Release|Any CPU.Build.0 = Release|Any CPU
		{DD8AB484-45FB-4750-B9FD-661B8E48FA12}.Debug|Any CPU.ActiveCfg = Debug|Any CPU
		{DD8AB484-45FB-4750-B9FD-661B8E48FA12}.Debug|Any CPU.Build.0 = Debug|Any CPU
		{DD8AB484-45FB-4750-B9FD-661B8E48FA12}.Release|Any CPU.ActiveCfg = Release|Any CPU
		{DD8AB484-45FB-4750-B9FD-661B8E48FA12}.Release|Any CPU.Build.0 = Release|Any CPU
		{77FAC317-91ED-47E9-B08E-E9168075499D}.Debug|Any CPU.ActiveCfg = Debug|Any CPU
		{77FAC317-91ED-47E9-B08E-E9168075499D}.Debug|Any CPU.Build.0 = Debug|Any CPU
		{77FAC317-91ED-47E9-B08E-E9168075499D}.Release|Any CPU.ActiveCfg = Release|Any CPU
		{77FAC317-91ED-47E9-B08E-E9168075499D}.Release|Any CPU.Build.0 = Release|Any CPU
		{6D74B5D2-8DFE-436A-87E4-A1E5F5962081}.Debug|Any CPU.ActiveCfg = Debug|Any CPU
		{6D74B5D2-8DFE-436A-87E4-A1E5F5962081}.Debug|Any CPU.Build.0 = Debug|Any CPU
		{6D74B5D2-8DFE-436A-87E4-A1E5F5962081}.Release|Any CPU.ActiveCfg = Release|Any CPU
		{6D74B5D2-8DFE-436A-87E4-A1E5F5962081}.Release|Any CPU.Build.0 = Release|Any CPU
		{381E4E1E-45E1-494E-8C2A-EBD398DC584F}.Debug|Any CPU.ActiveCfg = Debug|Any CPU
		{381E4E1E-45E1-494E-8C2A-EBD398DC584F}.Debug|Any CPU.Build.0 = Debug|Any CPU
		{381E4E1E-45E1-494E-8C2A-EBD398DC584F}.Release|Any CPU.ActiveCfg = Release|Any CPU
		{381E4E1E-45E1-494E-8C2A-EBD398DC584F}.Release|Any CPU.Build.0 = Release|Any CPU
		{31E466F1-5AA2-40C4-A590-B75422144C97}.Debug|Any CPU.ActiveCfg = Debug|Any CPU
		{31E466F1-5AA2-40C4-A590-B75422144C97}.Debug|Any CPU.Build.0 = Debug|Any CPU
		{31E466F1-5AA2-40C4-A590-B75422144C97}.Release|Any CPU.ActiveCfg = Release|Any CPU
		{31E466F1-5AA2-40C4-A590-B75422144C97}.Release|Any CPU.Build.0 = Release|Any CPU
		{7D04346E-6E02-4646-B544-1EFA9D6763BA}.Debug|Any CPU.ActiveCfg = Debug|Any CPU
		{7D04346E-6E02-4646-B544-1EFA9D6763BA}.Debug|Any CPU.Build.0 = Debug|Any CPU
		{7D04346E-6E02-4646-B544-1EFA9D6763BA}.Release|Any CPU.ActiveCfg = Release|Any CPU
		{7D04346E-6E02-4646-B544-1EFA9D6763BA}.Release|Any CPU.Build.0 = Release|Any CPU
		{0429B895-57F9-4931-9745-D65444DF59E5}.Debug|Any CPU.ActiveCfg = Debug|Any CPU
		{0429B895-57F9-4931-9745-D65444DF59E5}.Debug|Any CPU.Build.0 = Debug|Any CPU
		{0429B895-57F9-4931-9745-D65444DF59E5}.Release|Any CPU.ActiveCfg = Release|Any CPU
		{0429B895-57F9-4931-9745-D65444DF59E5}.Release|Any CPU.Build.0 = Release|Any CPU
		{4ABF22CD-EB3B-4437-9A3C-608B7AB5B08A}.Debug|Any CPU.ActiveCfg = Debug|Any CPU
		{4ABF22CD-EB3B-4437-9A3C-608B7AB5B08A}.Debug|Any CPU.Build.0 = Debug|Any CPU
		{4ABF22CD-EB3B-4437-9A3C-608B7AB5B08A}.Release|Any CPU.ActiveCfg = Release|Any CPU
		{4ABF22CD-EB3B-4437-9A3C-608B7AB5B08A}.Release|Any CPU.Build.0 = Release|Any CPU
		{A91FBDDB-0F38-41A6-AB46-8F377CE0C5B1}.Debug|Any CPU.ActiveCfg = Debug|Any CPU
		{A91FBDDB-0F38-41A6-AB46-8F377CE0C5B1}.Debug|Any CPU.Build.0 = Debug|Any CPU
		{A91FBDDB-0F38-41A6-AB46-8F377CE0C5B1}.Release|Any CPU.ActiveCfg = Release|Any CPU
		{A91FBDDB-0F38-41A6-AB46-8F377CE0C5B1}.Release|Any CPU.Build.0 = Release|Any CPU
		{A64B6FB3-853A-4F6D-BCC3-99AD84A6EED8}.Debug|Any CPU.ActiveCfg = Debug|Any CPU
		{A64B6FB3-853A-4F6D-BCC3-99AD84A6EED8}.Debug|Any CPU.Build.0 = Debug|Any CPU
		{A64B6FB3-853A-4F6D-BCC3-99AD84A6EED8}.Release|Any CPU.ActiveCfg = Release|Any CPU
		{A64B6FB3-853A-4F6D-BCC3-99AD84A6EED8}.Release|Any CPU.Build.0 = Release|Any CPU
		{9DB12293-738C-4824-A4FE-78D247A70A61}.Debug|Any CPU.ActiveCfg = Debug|Any CPU
		{9DB12293-738C-4824-A4FE-78D247A70A61}.Debug|Any CPU.Build.0 = Debug|Any CPU
		{9DB12293-738C-4824-A4FE-78D247A70A61}.Release|Any CPU.ActiveCfg = Release|Any CPU
		{9DB12293-738C-4824-A4FE-78D247A70A61}.Release|Any CPU.Build.0 = Release|Any CPU
	EndGlobalSection
	GlobalSection(SolutionProperties) = preSolution
		HideSolutionNode = FALSE
	EndGlobalSection
	GlobalSection(NestedProjects) = preSolution
		{6E1250F0-9308-442A-AC18-B58A0A2B8320} = {E0A67AA9-3351-4BF0-9CFD-095E299C4BDA}
		{9B2AD1A5-8FC8-4302-B719-C20F34232799} = {E0A67AA9-3351-4BF0-9CFD-095E299C4BDA}
		{3291B25A-402C-4050-B21C-170BC8E2FE32} = {6E1250F0-9308-442A-AC18-B58A0A2B8320}
		{1E11141D-A000-4E6E-9372-719A5CAD5E7D} = {6E1250F0-9308-442A-AC18-B58A0A2B8320}
		{C0103A1E-DA10-4A73-942E-4CDB3EB77C30} = {6E1250F0-9308-442A-AC18-B58A0A2B8320}
		{9EB8ED6A-0895-43AF-BC0B-88B105E36EAA} = {6E1250F0-9308-442A-AC18-B58A0A2B8320}
		{9399CE49-EF0B-4A31-93B5-7A1E0FFEBFB0} = {9B2AD1A5-8FC8-4302-B719-C20F34232799}
		{D9EB33BC-30D8-4DF9-8FB5-D7A20B5DABAB} = {E0A67AA9-3351-4BF0-9CFD-095E299C4BDA}
		{9215357A-641E-4BA3-9C82-8C909569AA44} = {D9EB33BC-30D8-4DF9-8FB5-D7A20B5DABAB}
		{FD3D5A8B-5F74-4A02-993A-7FF16AB91518} = {D9EB33BC-30D8-4DF9-8FB5-D7A20B5DABAB}
		{3299546C-A4F3-44E9-A49C-9923B864671F} = {D9EB33BC-30D8-4DF9-8FB5-D7A20B5DABAB}
		{DD8AB484-45FB-4750-B9FD-661B8E48FA12} = {D9EB33BC-30D8-4DF9-8FB5-D7A20B5DABAB}
		{55741511-BC5F-486B-8B3B-07E6001FA789} = {E0A67AA9-3351-4BF0-9CFD-095E299C4BDA}
		{77FAC317-91ED-47E9-B08E-E9168075499D} = {55741511-BC5F-486B-8B3B-07E6001FA789}
		{6D74B5D2-8DFE-436A-87E4-A1E5F5962081} = {55741511-BC5F-486B-8B3B-07E6001FA789}
		{381E4E1E-45E1-494E-8C2A-EBD398DC584F} = {55741511-BC5F-486B-8B3B-07E6001FA789}
		{31E466F1-5AA2-40C4-A590-B75422144C97} = {55741511-BC5F-486B-8B3B-07E6001FA789}
		{3816F396-287E-400E-98F5-9879ABB46512} = {E0A67AA9-3351-4BF0-9CFD-095E299C4BDA}
		{7D04346E-6E02-4646-B544-1EFA9D6763BA} = {3816F396-287E-400E-98F5-9879ABB46512}
		{0429B895-57F9-4931-9745-D65444DF59E5} = {A84FABD1-9C83-4BF7-AC6F-5302C60E0901}
		{906BD184-E859-4AF6-9B21-28C78B029CF1} = {87BC015B-3613-4E17-86FC-F1E432951616}
		{4ABF22CD-EB3B-4437-9A3C-608B7AB5B08A} = {906BD184-E859-4AF6-9B21-28C78B029CF1}
		{A64B6FB3-853A-4F6D-BCC3-99AD84A6EED8} = {3816F396-287E-400E-98F5-9879ABB46512}
		{A4673186-1569-4E78-BE73-DBDC06A6E13B} = {E0A67AA9-3351-4BF0-9CFD-095E299C4BDA}
		{9DB12293-738C-4824-A4FE-78D247A70A61} = {A4673186-1569-4E78-BE73-DBDC06A6E13B}
	EndGlobalSection
	GlobalSection(ExtensibilityGlobals) = postSolution
		SolutionGuid = {521D951F-23FD-4BA9-B026-DB6ED593488F}
	EndGlobalSection
EndGlobal
