
Microsoft Visual Studio Solution File, Format Version 12.00
# Visual Studio Version 17
VisualStudioVersion = 17.7.34221.43
MinimumVisualStudioVersion = 10.0.40219.1
Project("{FAE04EC0-301F-11D3-BF4B-00C04F79EFBC}") = "Services.Common", "Services.Common\Services.Common.csproj", "{AB805B3F-9931-4908-97BA-0D7A6C4EDD43}"
EndProject
Global
	GlobalSection(SolutionConfigurationPlatforms) = preSolution
		Debug|Any CPU = Debug|Any CPU
		Release|Any CPU = Release|Any CPU
	EndGlobalSection
	GlobalSection(ProjectConfigurationPlatforms) = postSolution
		{AB805B3F-9931-4908-97BA-0D7A6C4EDD43}.Debug|Any CPU.ActiveCfg = Debug|Any CPU
		{AB805B3F-9931-4908-97BA-0D7A6C4EDD43}.Debug|Any CPU.Build.0 = Debug|Any CPU
		{AB805B3F-9931-4908-97BA-0D7A6C4EDD43}.Release|Any CPU.ActiveCfg = Release|Any CPU
		{AB805B3F-9931-4908-97BA-0D7A6C4EDD43}.Release|Any CPU.Build.0 = Release|Any CPU
	EndGlobalSection
	GlobalSection(SolutionProperties) = preSolution
		HideSolutionNode = FALSE
	EndGlobalSection
	GlobalSection(ExtensibilityGlobals) = postSolution
		SolutionGuid = {429CB34B-E950-43AF-985C-F3DB0A241189}
	EndGlobalSection
EndGlobal
